// !$*UTF8*$!
{
	archiveVersion = 1;
	classes = {
	};
	objectVersion = 50;
	objects = {

/* Begin PBXBuildFile section */
		C0FB336D23CD237B00AED730 /* AppDelegate.swift in Sources */ = {isa = PBXBuildFile; fileRef = C0FB336C23CD237B00AED730 /* AppDelegate.swift */; };
		C0FB336F23CD237B00AED730 /* SceneDelegate.swift in Sources */ = {isa = PBXBuildFile; fileRef = C0FB336E23CD237B00AED730 /* SceneDelegate.swift */; };
		C0FB337123CD237B00AED730 /* ContentView.swift in Sources */ = {isa = PBXBuildFile; fileRef = C0FB337023CD237B00AED730 /* ContentView.swift */; };
		C0FB337323CD237E00AED730 /* Assets.xcassets in Resources */ = {isa = PBXBuildFile; fileRef = C0FB337223CD237E00AED730 /* Assets.xcassets */; };
		C0FB337623CD237E00AED730 /* Preview Assets.xcassets in Resources */ = {isa = PBXBuildFile; fileRef = C0FB337523CD237E00AED730 /* Preview Assets.xcassets */; };
		C0FB337923CD237E00AED730 /* LaunchScreen.storyboard in Resources */ = {isa = PBXBuildFile; fileRef = C0FB337723CD237E00AED730 /* LaunchScreen.storyboard */; };
		C0FB339923CD30DB00AED730 /* ReactiveSwift.framework in Frameworks */ = {isa = PBXBuildFile; fileRef = C0FB338323CD30DB00AED730 /* ReactiveSwift.framework */; };
		C0FB339A23CD30DB00AED730 /* ReactiveSwift.framework in Embed Frameworks */ = {isa = PBXBuildFile; fileRef = C0FB338323CD30DB00AED730 /* ReactiveSwift.framework */; settings = {ATTRIBUTES = (CodeSignOnCopy, RemoveHeadersOnCopy, ); }; };
		C0FB339B23CD30DB00AED730 /* SocketIO.framework in Frameworks */ = {isa = PBXBuildFile; fileRef = C0FB338423CD30DB00AED730 /* SocketIO.framework */; };
		C0FB339C23CD30DB00AED730 /* SocketIO.framework in Embed Frameworks */ = {isa = PBXBuildFile; fileRef = C0FB338423CD30DB00AED730 /* SocketIO.framework */; settings = {ATTRIBUTES = (CodeSignOnCopy, RemoveHeadersOnCopy, ); }; };
		C0FB339D23CD30DB00AED730 /* SWXMLHash.framework in Frameworks */ = {isa = PBXBuildFile; fileRef = C0FB338523CD30DB00AED730 /* SWXMLHash.framework */; };
		C0FB339E23CD30DB00AED730 /* SWXMLHash.framework in Embed Frameworks */ = {isa = PBXBuildFile; fileRef = C0FB338523CD30DB00AED730 /* SWXMLHash.framework */; settings = {ATTRIBUTES = (CodeSignOnCopy, RemoveHeadersOnCopy, ); }; };
		C0FB339F23CD30DB00AED730 /* Alamofire.framework in Frameworks */ = {isa = PBXBuildFile; fileRef = C0FB338623CD30DB00AED730 /* Alamofire.framework */; };
		C0FB33A023CD30DB00AED730 /* Alamofire.framework in Embed Frameworks */ = {isa = PBXBuildFile; fileRef = C0FB338623CD30DB00AED730 /* Alamofire.framework */; settings = {ATTRIBUTES = (CodeSignOnCopy, RemoveHeadersOnCopy, ); }; };
		C0FB33A123CD30DB00AED730 /* SwiftyBeaver.framework in Frameworks */ = {isa = PBXBuildFile; fileRef = C0FB338723CD30DB00AED730 /* SwiftyBeaver.framework */; };
		C0FB33A223CD30DB00AED730 /* SwiftyBeaver.framework in Embed Frameworks */ = {isa = PBXBuildFile; fileRef = C0FB338723CD30DB00AED730 /* SwiftyBeaver.framework */; settings = {ATTRIBUTES = (CodeSignOnCopy, RemoveHeadersOnCopy, ); }; };
		C0FB33AB23CD30DC00AED730 /* Locksmith.framework in Frameworks */ = {isa = PBXBuildFile; fileRef = C0FB338C23CD30DB00AED730 /* Locksmith.framework */; };
		C0FB33AC23CD30DC00AED730 /* Locksmith.framework in Embed Frameworks */ = {isa = PBXBuildFile; fileRef = C0FB338C23CD30DB00AED730 /* Locksmith.framework */; settings = {ATTRIBUTES = (CodeSignOnCopy, RemoveHeadersOnCopy, ); }; };
		C0FB33AF23CD30DC00AED730 /* Starscream.framework in Frameworks */ = {isa = PBXBuildFile; fileRef = C0FB338E23CD30DB00AED730 /* Starscream.framework */; };
		C0FB33B023CD30DC00AED730 /* Starscream.framework in Embed Frameworks */ = {isa = PBXBuildFile; fileRef = C0FB338E23CD30DB00AED730 /* Starscream.framework */; settings = {ATTRIBUTES = (CodeSignOnCopy, RemoveHeadersOnCopy, ); }; };
		C0FB33B123CD30DC00AED730 /* Moya.framework in Frameworks */ = {isa = PBXBuildFile; fileRef = C0FB338F23CD30DB00AED730 /* Moya.framework */; };
		C0FB33B223CD30DC00AED730 /* Moya.framework in Embed Frameworks */ = {isa = PBXBuildFile; fileRef = C0FB338F23CD30DB00AED730 /* Moya.framework */; settings = {ATTRIBUTES = (CodeSignOnCopy, RemoveHeadersOnCopy, ); }; };
		C0FB33B323CD30DC00AED730 /* ObjectMapper.framework in Frameworks */ = {isa = PBXBuildFile; fileRef = C0FB339023CD30DB00AED730 /* ObjectMapper.framework */; };
		C0FB33B423CD30DC00AED730 /* ObjectMapper.framework in Embed Frameworks */ = {isa = PBXBuildFile; fileRef = C0FB339023CD30DB00AED730 /* ObjectMapper.framework */; settings = {ATTRIBUTES = (CodeSignOnCopy, RemoveHeadersOnCopy, ); }; };
		C0FB33B723CD30DC00AED730 /* SwiftPhoenixClient.framework in Frameworks */ = {isa = PBXBuildFile; fileRef = C0FB339223CD30DB00AED730 /* SwiftPhoenixClient.framework */; };
		C0FB33B823CD30DC00AED730 /* SwiftPhoenixClient.framework in Embed Frameworks */ = {isa = PBXBuildFile; fileRef = C0FB339223CD30DB00AED730 /* SwiftPhoenixClient.framework */; settings = {ATTRIBUTES = (CodeSignOnCopy, RemoveHeadersOnCopy, ); }; };
		C0FB33B923CD30DC00AED730 /* Macaw.framework in Frameworks */ = {isa = PBXBuildFile; fileRef = C0FB339323CD30DB00AED730 /* Macaw.framework */; };
		C0FB33BA23CD30DC00AED730 /* Macaw.framework in Embed Frameworks */ = {isa = PBXBuildFile; fileRef = C0FB339323CD30DB00AED730 /* Macaw.framework */; settings = {ATTRIBUTES = (CodeSignOnCopy, RemoveHeadersOnCopy, ); }; };
		C0FB33BF23CD310600AED730 /* WebRTC.framework in Frameworks */ = {isa = PBXBuildFile; fileRef = C0FB33BE23CD310600AED730 /* WebRTC.framework */; };
		C0FB33C023CD310600AED730 /* WebRTC.framework in Embed Frameworks */ = {isa = PBXBuildFile; fileRef = C0FB33BE23CD310600AED730 /* WebRTC.framework */; settings = {ATTRIBUTES = (CodeSignOnCopy, RemoveHeadersOnCopy, ); }; };
		C0FB33C223CDA2F100AED730 /* ViewController.swift in Sources */ = {isa = PBXBuildFile; fileRef = C0FB33C123CDA2F100AED730 /* ViewController.swift */; };
		C0FB33C423CDA58600AED730 /* SalemoveSDK.framework in Frameworks */ = {isa = PBXBuildFile; fileRef = C0FB33C323CDA58600AED730 /* SalemoveSDK.framework */; };
		C0FB33C523CDA58600AED730 /* SalemoveSDK.framework in Embed Frameworks */ = {isa = PBXBuildFile; fileRef = C0FB33C323CDA58600AED730 /* SalemoveSDK.framework */; settings = {ATTRIBUTES = (CodeSignOnCopy, RemoveHeadersOnCopy, ); }; };
/* End PBXBuildFile section */

/* Begin PBXCopyFilesBuildPhase section */
		C0FB33BD23CD30DC00AED730 /* Embed Frameworks */ = {
			isa = PBXCopyFilesBuildPhase;
			buildActionMask = 2147483647;
			dstPath = "";
			dstSubfolderSpec = 10;
			files = (
				C0FB33B223CD30DC00AED730 /* Moya.framework in Embed Frameworks */,
				C0FB33B023CD30DC00AED730 /* Starscream.framework in Embed Frameworks */,
				C0FB33BA23CD30DC00AED730 /* Macaw.framework in Embed Frameworks */,
				C0FB33A023CD30DB00AED730 /* Alamofire.framework in Embed Frameworks */,
				C0FB33B823CD30DC00AED730 /* SwiftPhoenixClient.framework in Embed Frameworks */,
				C0FB33A223CD30DB00AED730 /* SwiftyBeaver.framework in Embed Frameworks */,
				C0FB339A23CD30DB00AED730 /* ReactiveSwift.framework in Embed Frameworks */,
				C0FB33AC23CD30DC00AED730 /* Locksmith.framework in Embed Frameworks */,
				C0FB33C523CDA58600AED730 /* SalemoveSDK.framework in Embed Frameworks */,
				C0FB33C023CD310600AED730 /* WebRTC.framework in Embed Frameworks */,
				C0FB339C23CD30DB00AED730 /* SocketIO.framework in Embed Frameworks */,
				C0FB33B423CD30DC00AED730 /* ObjectMapper.framework in Embed Frameworks */,
				C0FB339E23CD30DB00AED730 /* SWXMLHash.framework in Embed Frameworks */,
			);
			name = "Embed Frameworks";
			runOnlyForDeploymentPostprocessing = 0;
		};
/* End PBXCopyFilesBuildPhase section */

/* Begin PBXFileReference section */
		C0FB336923CD237B00AED730 /* CarthageIntegration.app */ = {isa = PBXFileReference; explicitFileType = wrapper.application; includeInIndex = 0; path = CarthageIntegration.app; sourceTree = BUILT_PRODUCTS_DIR; };
		C0FB336C23CD237B00AED730 /* AppDelegate.swift */ = {isa = PBXFileReference; lastKnownFileType = sourcecode.swift; path = AppDelegate.swift; sourceTree = "<group>"; };
		C0FB336E23CD237B00AED730 /* SceneDelegate.swift */ = {isa = PBXFileReference; lastKnownFileType = sourcecode.swift; path = SceneDelegate.swift; sourceTree = "<group>"; };
		C0FB337023CD237B00AED730 /* ContentView.swift */ = {isa = PBXFileReference; lastKnownFileType = sourcecode.swift; path = ContentView.swift; sourceTree = "<group>"; };
		C0FB337223CD237E00AED730 /* Assets.xcassets */ = {isa = PBXFileReference; lastKnownFileType = folder.assetcatalog; path = Assets.xcassets; sourceTree = "<group>"; };
		C0FB337523CD237E00AED730 /* Preview Assets.xcassets */ = {isa = PBXFileReference; lastKnownFileType = folder.assetcatalog; path = "Preview Assets.xcassets"; sourceTree = "<group>"; };
		C0FB337823CD237E00AED730 /* Base */ = {isa = PBXFileReference; lastKnownFileType = file.storyboard; name = Base; path = Base.lproj/LaunchScreen.storyboard; sourceTree = "<group>"; };
		C0FB337A23CD237E00AED730 /* Info.plist */ = {isa = PBXFileReference; lastKnownFileType = text.plist.xml; path = Info.plist; sourceTree = "<group>"; };
		C0FB338323CD30DB00AED730 /* ReactiveSwift.framework */ = {isa = PBXFileReference; lastKnownFileType = wrapper.framework; name = ReactiveSwift.framework; path = Carthage/Build/iOS/ReactiveSwift.framework; sourceTree = "<group>"; };
		C0FB338423CD30DB00AED730 /* SocketIO.framework */ = {isa = PBXFileReference; lastKnownFileType = wrapper.framework; name = SocketIO.framework; path = Carthage/Build/iOS/SocketIO.framework; sourceTree = "<group>"; };
		C0FB338523CD30DB00AED730 /* SWXMLHash.framework */ = {isa = PBXFileReference; lastKnownFileType = wrapper.framework; name = SWXMLHash.framework; path = Carthage/Build/iOS/SWXMLHash.framework; sourceTree = "<group>"; };
		C0FB338623CD30DB00AED730 /* Alamofire.framework */ = {isa = PBXFileReference; lastKnownFileType = wrapper.framework; name = Alamofire.framework; path = Carthage/Build/iOS/Alamofire.framework; sourceTree = "<group>"; };
		C0FB338723CD30DB00AED730 /* SwiftyBeaver.framework */ = {isa = PBXFileReference; lastKnownFileType = wrapper.framework; name = SwiftyBeaver.framework; path = Carthage/Build/iOS/SwiftyBeaver.framework; sourceTree = "<group>"; };
		C0FB338C23CD30DB00AED730 /* Locksmith.framework */ = {isa = PBXFileReference; lastKnownFileType = wrapper.framework; name = Locksmith.framework; path = Carthage/Build/iOS/Locksmith.framework; sourceTree = "<group>"; };
		C0FB338E23CD30DB00AED730 /* Starscream.framework */ = {isa = PBXFileReference; lastKnownFileType = wrapper.framework; name = Starscream.framework; path = Carthage/Build/iOS/Starscream.framework; sourceTree = "<group>"; };
		C0FB338F23CD30DB00AED730 /* Moya.framework */ = {isa = PBXFileReference; lastKnownFileType = wrapper.framework; name = Moya.framework; path = Carthage/Build/iOS/Moya.framework; sourceTree = "<group>"; };
		C0FB339023CD30DB00AED730 /* ObjectMapper.framework */ = {isa = PBXFileReference; lastKnownFileType = wrapper.framework; name = ObjectMapper.framework; path = Carthage/Build/iOS/ObjectMapper.framework; sourceTree = "<group>"; };
		C0FB339223CD30DB00AED730 /* SwiftPhoenixClient.framework */ = {isa = PBXFileReference; lastKnownFileType = wrapper.framework; name = SwiftPhoenixClient.framework; path = Carthage/Build/iOS/SwiftPhoenixClient.framework; sourceTree = "<group>"; };
		C0FB339323CD30DB00AED730 /* Macaw.framework */ = {isa = PBXFileReference; lastKnownFileType = wrapper.framework; name = Macaw.framework; path = Carthage/Build/iOS/Macaw.framework; sourceTree = "<group>"; };
		C0FB33BE23CD310600AED730 /* WebRTC.framework */ = {isa = PBXFileReference; lastKnownFileType = wrapper.framework; name = WebRTC.framework; path = "Carthage/Checkouts/ios-webrtc/output/bitcode/WebRTC.framework"; sourceTree = "<group>"; };
		C0FB33C123CDA2F100AED730 /* ViewController.swift */ = {isa = PBXFileReference; lastKnownFileType = sourcecode.swift; path = ViewController.swift; sourceTree = "<group>"; };
		C0FB33C323CDA58600AED730 /* SalemoveSDK.framework */ = {isa = PBXFileReference; lastKnownFileType = wrapper.framework; name = SalemoveSDK.framework; path = "Carthage/Checkouts/ios-bundle/SalemoveSDK.framework"; sourceTree = "<group>"; };
/* End PBXFileReference section */

/* Begin PBXFrameworksBuildPhase section */
		C0FB336623CD237B00AED730 /* Frameworks */ = {
			isa = PBXFrameworksBuildPhase;
			buildActionMask = 2147483647;
			files = (
				C0FB33B123CD30DC00AED730 /* Moya.framework in Frameworks */,
				C0FB33AF23CD30DC00AED730 /* Starscream.framework in Frameworks */,
				C0FB33B923CD30DC00AED730 /* Macaw.framework in Frameworks */,
				C0FB339F23CD30DB00AED730 /* Alamofire.framework in Frameworks */,
				C0FB33B723CD30DC00AED730 /* SwiftPhoenixClient.framework in Frameworks */,
				C0FB33A123CD30DB00AED730 /* SwiftyBeaver.framework in Frameworks */,
				C0FB339923CD30DB00AED730 /* ReactiveSwift.framework in Frameworks */,
				C0FB33AB23CD30DC00AED730 /* Locksmith.framework in Frameworks */,
				C0FB33C423CDA58600AED730 /* SalemoveSDK.framework in Frameworks */,
				C0FB33BF23CD310600AED730 /* WebRTC.framework in Frameworks */,
				C0FB339B23CD30DB00AED730 /* SocketIO.framework in Frameworks */,
				C0FB33B323CD30DC00AED730 /* ObjectMapper.framework in Frameworks */,
				C0FB339D23CD30DB00AED730 /* SWXMLHash.framework in Frameworks */,
			);
			runOnlyForDeploymentPostprocessing = 0;
		};
/* End PBXFrameworksBuildPhase section */

/* Begin PBXGroup section */
		C0FB336023CD237B00AED730 = {
			isa = PBXGroup;
			children = (
				C0FB336B23CD237B00AED730 /* CarthageIntegration */,
				C0FB336A23CD237B00AED730 /* Products */,
				C0FB338023CD30DB00AED730 /* Frameworks */,
			);
			sourceTree = "<group>";
		};
		C0FB336A23CD237B00AED730 /* Products */ = {
			isa = PBXGroup;
			children = (
				C0FB336923CD237B00AED730 /* CarthageIntegration.app */,
			);
			name = Products;
			sourceTree = "<group>";
		};
		C0FB336B23CD237B00AED730 /* CarthageIntegration */ = {
			isa = PBXGroup;
			children = (
				C0FB336C23CD237B00AED730 /* AppDelegate.swift */,
				C0FB33C123CDA2F100AED730 /* ViewController.swift */,
				C0FB336E23CD237B00AED730 /* SceneDelegate.swift */,
				C0FB337023CD237B00AED730 /* ContentView.swift */,
				C0FB337223CD237E00AED730 /* Assets.xcassets */,
				C0FB337723CD237E00AED730 /* LaunchScreen.storyboard */,
				C0FB337A23CD237E00AED730 /* Info.plist */,
				C0FB337423CD237E00AED730 /* Preview Content */,
			);
			path = CarthageIntegration;
			sourceTree = "<group>";
		};
		C0FB337423CD237E00AED730 /* Preview Content */ = {
			isa = PBXGroup;
			children = (
				C0FB337523CD237E00AED730 /* Preview Assets.xcassets */,
			);
			path = "Preview Content";
			sourceTree = "<group>";
		};
		C0FB338023CD30DB00AED730 /* Frameworks */ = {
			isa = PBXGroup;
			children = (
				C0FB33C323CDA58600AED730 /* SalemoveSDK.framework */,
				C0FB33BE23CD310600AED730 /* WebRTC.framework */,
				C0FB338623CD30DB00AED730 /* Alamofire.framework */,
				C0FB338C23CD30DB00AED730 /* Locksmith.framework */,
				C0FB339323CD30DB00AED730 /* Macaw.framework */,
				C0FB338F23CD30DB00AED730 /* Moya.framework */,
				C0FB339023CD30DB00AED730 /* ObjectMapper.framework */,
				C0FB338323CD30DB00AED730 /* ReactiveSwift.framework */,
				C0FB338423CD30DB00AED730 /* SocketIO.framework */,
				C0FB338E23CD30DB00AED730 /* Starscream.framework */,
				C0FB339223CD30DB00AED730 /* SwiftPhoenixClient.framework */,
				C0FB338723CD30DB00AED730 /* SwiftyBeaver.framework */,
				C0FB338523CD30DB00AED730 /* SWXMLHash.framework */,
			);
			name = Frameworks;
			sourceTree = "<group>";
		};
/* End PBXGroup section */

/* Begin PBXNativeTarget section */
		C0FB336823CD237B00AED730 /* CarthageIntegration */ = {
			isa = PBXNativeTarget;
			buildConfigurationList = C0FB337D23CD237E00AED730 /* Build configuration list for PBXNativeTarget "CarthageIntegration" */;
			buildPhases = (
				C0FB336523CD237B00AED730 /* Sources */,
				C0FB336623CD237B00AED730 /* Frameworks */,
				C0FB336723CD237B00AED730 /* Resources */,
				C0FB33BD23CD30DC00AED730 /* Embed Frameworks */,
				C0E6B57F246C70C100DBC7A5 /* Run copy-frameworks command for carthage integration */,
			);
			buildRules = (
			);
			dependencies = (
			);
			name = CarthageIntegration;
			productName = CarthageIntegration;
			productReference = C0FB336923CD237B00AED730 /* CarthageIntegration.app */;
			productType = "com.apple.product-type.application";
		};
/* End PBXNativeTarget section */

/* Begin PBXProject section */
		C0FB336123CD237B00AED730 /* Project object */ = {
			isa = PBXProject;
			attributes = {
				LastSwiftUpdateCheck = 1120;
				LastUpgradeCheck = 1120;
				ORGANIZATIONNAME = "Andrei Gorin";
				TargetAttributes = {
					C0FB336823CD237B00AED730 = {
						CreatedOnToolsVersion = 11.2.1;
					};
				};
			};
			buildConfigurationList = C0FB336423CD237B00AED730 /* Build configuration list for PBXProject "CarthageIntegration" */;
			compatibilityVersion = "Xcode 9.3";
			developmentRegion = en;
			hasScannedForEncodings = 0;
			knownRegions = (
				en,
				Base,
			);
			mainGroup = C0FB336023CD237B00AED730;
			productRefGroup = C0FB336A23CD237B00AED730 /* Products */;
			projectDirPath = "";
			projectRoot = "";
			targets = (
				C0FB336823CD237B00AED730 /* CarthageIntegration */,
			);
		};
/* End PBXProject section */

/* Begin PBXResourcesBuildPhase section */
		C0FB336723CD237B00AED730 /* Resources */ = {
			isa = PBXResourcesBuildPhase;
			buildActionMask = 2147483647;
			files = (
				C0FB337923CD237E00AED730 /* LaunchScreen.storyboard in Resources */,
				C0FB337623CD237E00AED730 /* Preview Assets.xcassets in Resources */,
				C0FB337323CD237E00AED730 /* Assets.xcassets in Resources */,
			);
			runOnlyForDeploymentPostprocessing = 0;
		};
/* End PBXResourcesBuildPhase section */

/* Begin PBXShellScriptBuildPhase section */
		C0E6B57F246C70C100DBC7A5 /* Run copy-frameworks command for carthage integration */ = {
			isa = PBXShellScriptBuildPhase;
			buildActionMask = 2147483647;
			files = (
			);
			inputFileListPaths = (
			);
			inputPaths = (
				"$(SRCROOT)/Carthage/Checkouts/ios-bundle/SalemoveSDK.framework",
				"$(SRCROOT)/Carthage/Checkouts/ios-webrtc/output/bitcode/WebRTC.framework",
				"$(SRCROOT)/Carthage/Build/iOS/Alamofire.framework",
				"$(SRCROOT)/Carthage/Build/iOS/Locksmith.framework",
				"$(SRCROOT)/Carthage/Build/iOS/Macaw.framework",
				"$(SRCROOT)/Carthage/Build/iOS/Moya.framework",
				"$(SRCROOT)/Carthage/Build/iOS/ObjectMapper.framework",
				"$(SRCROOT)/Carthage/Build/iOS/ReactiveSwift.framework",
				"$(SRCROOT)/Carthage/Build/iOS/SocketIO.framework",
				"$(SRCROOT)/Carthage/Build/iOS/Starscream.framework",
				"$(SRCROOT)/Carthage/Build/iOS/SwiftPhoenixClient.framework",
				"$(SRCROOT)/Carthage/Build/iOS/SwiftyBeaver.framework",
				"$(SRCROOT)/Carthage/Build/iOS/SWXMLHash.framework",
			);
			name = "Run copy-frameworks command for carthage integration";
			outputFileListPaths = (
			);
			outputPaths = (
			);
			runOnlyForDeploymentPostprocessing = 0;
			shellPath = /bin/sh;
			shellScript = "/usr/local/bin/carthage copy-frameworks\n";
		};
/* End PBXShellScriptBuildPhase section */

/* Begin PBXSourcesBuildPhase section */
		C0FB336523CD237B00AED730 /* Sources */ = {
			isa = PBXSourcesBuildPhase;
			buildActionMask = 2147483647;
			files = (
				C0FB336D23CD237B00AED730 /* AppDelegate.swift in Sources */,
				C0FB336F23CD237B00AED730 /* SceneDelegate.swift in Sources */,
				C0FB33C223CDA2F100AED730 /* ViewController.swift in Sources */,
				C0FB337123CD237B00AED730 /* ContentView.swift in Sources */,
			);
			runOnlyForDeploymentPostprocessing = 0;
		};
/* End PBXSourcesBuildPhase section */

/* Begin PBXVariantGroup section */
		C0FB337723CD237E00AED730 /* LaunchScreen.storyboard */ = {
			isa = PBXVariantGroup;
			children = (
				C0FB337823CD237E00AED730 /* Base */,
			);
			name = LaunchScreen.storyboard;
			sourceTree = "<group>";
		};
/* End PBXVariantGroup section */

/* Begin XCBuildConfiguration section */
		C0FB337B23CD237E00AED730 /* Debug */ = {
			isa = XCBuildConfiguration;
			buildSettings = {
				ALWAYS_SEARCH_USER_PATHS = NO;
				CLANG_ANALYZER_NONNULL = YES;
				CLANG_ANALYZER_NUMBER_OBJECT_CONVERSION = YES_AGGRESSIVE;
				CLANG_CXX_LANGUAGE_STANDARD = "gnu++14";
				CLANG_CXX_LIBRARY = "libc++";
				CLANG_ENABLE_MODULES = YES;
				CLANG_ENABLE_OBJC_ARC = YES;
				CLANG_ENABLE_OBJC_WEAK = YES;
				CLANG_WARN_BLOCK_CAPTURE_AUTORELEASING = YES;
				CLANG_WARN_BOOL_CONVERSION = YES;
				CLANG_WARN_COMMA = YES;
				CLANG_WARN_CONSTANT_CONVERSION = YES;
				CLANG_WARN_DEPRECATED_OBJC_IMPLEMENTATIONS = YES;
				CLANG_WARN_DIRECT_OBJC_ISA_USAGE = YES_ERROR;
				CLANG_WARN_DOCUMENTATION_COMMENTS = YES;
				CLANG_WARN_EMPTY_BODY = YES;
				CLANG_WARN_ENUM_CONVERSION = YES;
				CLANG_WARN_INFINITE_RECURSION = YES;
				CLANG_WARN_INT_CONVERSION = YES;
				CLANG_WARN_NON_LITERAL_NULL_CONVERSION = YES;
				CLANG_WARN_OBJC_IMPLICIT_RETAIN_SELF = YES;
				CLANG_WARN_OBJC_LITERAL_CONVERSION = YES;
				CLANG_WARN_OBJC_ROOT_CLASS = YES_ERROR;
				CLANG_WARN_RANGE_LOOP_ANALYSIS = YES;
				CLANG_WARN_STRICT_PROTOTYPES = YES;
				CLANG_WARN_SUSPICIOUS_MOVE = YES;
				CLANG_WARN_UNGUARDED_AVAILABILITY = YES_AGGRESSIVE;
				CLANG_WARN_UNREACHABLE_CODE = YES;
				CLANG_WARN__DUPLICATE_METHOD_MATCH = YES;
				COPY_PHASE_STRIP = NO;
				DEBUG_INFORMATION_FORMAT = dwarf;
				ENABLE_STRICT_OBJC_MSGSEND = YES;
				ENABLE_TESTABILITY = YES;
				GCC_C_LANGUAGE_STANDARD = gnu11;
				GCC_DYNAMIC_NO_PIC = NO;
				GCC_NO_COMMON_BLOCKS = YES;
				GCC_OPTIMIZATION_LEVEL = 0;
				GCC_PREPROCESSOR_DEFINITIONS = (
					"DEBUG=1",
					"$(inherited)",
				);
				GCC_WARN_64_TO_32_BIT_CONVERSION = YES;
				GCC_WARN_ABOUT_RETURN_TYPE = YES_ERROR;
				GCC_WARN_UNDECLARED_SELECTOR = YES;
				GCC_WARN_UNINITIALIZED_AUTOS = YES_AGGRESSIVE;
				GCC_WARN_UNUSED_FUNCTION = YES;
				GCC_WARN_UNUSED_VARIABLE = YES;
				IPHONEOS_DEPLOYMENT_TARGET = 13.2;
				MTL_ENABLE_DEBUG_INFO = INCLUDE_SOURCE;
				MTL_FAST_MATH = YES;
				ONLY_ACTIVE_ARCH = YES;
				SDKROOT = iphoneos;
				SWIFT_ACTIVE_COMPILATION_CONDITIONS = DEBUG;
				SWIFT_OPTIMIZATION_LEVEL = "-Onone";
			};
			name = Debug;
		};
		C0FB337C23CD237E00AED730 /* Release */ = {
			isa = XCBuildConfiguration;
			buildSettings = {
				ALWAYS_SEARCH_USER_PATHS = NO;
				CLANG_ANALYZER_NONNULL = YES;
				CLANG_ANALYZER_NUMBER_OBJECT_CONVERSION = YES_AGGRESSIVE;
				CLANG_CXX_LANGUAGE_STANDARD = "gnu++14";
				CLANG_CXX_LIBRARY = "libc++";
				CLANG_ENABLE_MODULES = YES;
				CLANG_ENABLE_OBJC_ARC = YES;
				CLANG_ENABLE_OBJC_WEAK = YES;
				CLANG_WARN_BLOCK_CAPTURE_AUTORELEASING = YES;
				CLANG_WARN_BOOL_CONVERSION = YES;
				CLANG_WARN_COMMA = YES;
				CLANG_WARN_CONSTANT_CONVERSION = YES;
				CLANG_WARN_DEPRECATED_OBJC_IMPLEMENTATIONS = YES;
				CLANG_WARN_DIRECT_OBJC_ISA_USAGE = YES_ERROR;
				CLANG_WARN_DOCUMENTATION_COMMENTS = YES;
				CLANG_WARN_EMPTY_BODY = YES;
				CLANG_WARN_ENUM_CONVERSION = YES;
				CLANG_WARN_INFINITE_RECURSION = YES;
				CLANG_WARN_INT_CONVERSION = YES;
				CLANG_WARN_NON_LITERAL_NULL_CONVERSION = YES;
				CLANG_WARN_OBJC_IMPLICIT_RETAIN_SELF = YES;
				CLANG_WARN_OBJC_LITERAL_CONVERSION = YES;
				CLANG_WARN_OBJC_ROOT_CLASS = YES_ERROR;
				CLANG_WARN_RANGE_LOOP_ANALYSIS = YES;
				CLANG_WARN_STRICT_PROTOTYPES = YES;
				CLANG_WARN_SUSPICIOUS_MOVE = YES;
				CLANG_WARN_UNGUARDED_AVAILABILITY = YES_AGGRESSIVE;
				CLANG_WARN_UNREACHABLE_CODE = YES;
				CLANG_WARN__DUPLICATE_METHOD_MATCH = YES;
				COPY_PHASE_STRIP = NO;
				DEBUG_INFORMATION_FORMAT = "dwarf-with-dsym";
				ENABLE_NS_ASSERTIONS = NO;
				ENABLE_STRICT_OBJC_MSGSEND = YES;
				GCC_C_LANGUAGE_STANDARD = gnu11;
				GCC_NO_COMMON_BLOCKS = YES;
				GCC_WARN_64_TO_32_BIT_CONVERSION = YES;
				GCC_WARN_ABOUT_RETURN_TYPE = YES_ERROR;
				GCC_WARN_UNDECLARED_SELECTOR = YES;
				GCC_WARN_UNINITIALIZED_AUTOS = YES_AGGRESSIVE;
				GCC_WARN_UNUSED_FUNCTION = YES;
				GCC_WARN_UNUSED_VARIABLE = YES;
				IPHONEOS_DEPLOYMENT_TARGET = 13.2;
				MTL_ENABLE_DEBUG_INFO = NO;
				MTL_FAST_MATH = YES;
				SDKROOT = iphoneos;
				SWIFT_COMPILATION_MODE = wholemodule;
				SWIFT_OPTIMIZATION_LEVEL = "-O";
				VALIDATE_PRODUCT = YES;
			};
			name = Release;
		};
		C0FB337E23CD237E00AED730 /* Debug */ = {
			isa = XCBuildConfiguration;
			buildSettings = {
				ASSETCATALOG_COMPILER_APPICON_NAME = AppIcon;
				CODE_SIGN_STYLE = Automatic;
				DEVELOPMENT_ASSET_PATHS = "\"CarthageIntegration/Preview Content\"";
				DEVELOPMENT_TEAM = XR3G5NDPNH;
				ENABLE_PREVIEWS = YES;
				FRAMEWORK_SEARCH_PATHS = (
					"$(inherited)",
					"$(PROJECT_DIR)/Carthage/Build/iOS",
					"$(PROJECT_DIR)/Carthage/Checkouts/ios-webrtc/output/bitcode",
					"$(PROJECT_DIR)/Carthage/Checkouts/ios-bundle",
				);
				INFOPLIST_FILE = CarthageIntegration/Info.plist;
				LD_RUNPATH_SEARCH_PATHS = (
					"$(inherited)",
					"@executable_path/Frameworks",
				);
				PRODUCT_BUNDLE_IDENTIFIER = Glia.CarthageIntegration;
				PRODUCT_NAME = "$(TARGET_NAME)";
				SWIFT_VERSION = 5.0;
				TARGETED_DEVICE_FAMILY = "1,2";
			};
			name = Debug;
		};
		C0FB337F23CD237E00AED730 /* Release */ = {
			isa = XCBuildConfiguration;
			buildSettings = {
				ASSETCATALOG_COMPILER_APPICON_NAME = AppIcon;
				CODE_SIGN_STYLE = Automatic;
				DEVELOPMENT_ASSET_PATHS = "\"CarthageIntegration/Preview Content\"";
				DEVELOPMENT_TEAM = XR3G5NDPNH;
				ENABLE_PREVIEWS = YES;
				FRAMEWORK_SEARCH_PATHS = (
					"$(inherited)",
					"$(PROJECT_DIR)/Carthage/Build/iOS",
					"$(PROJECT_DIR)/Carthage/Checkouts/ios-webrtc/output/bitcode",
					"$(PROJECT_DIR)/Carthage/Checkouts/ios-bundle",
				);
				INFOPLIST_FILE = CarthageIntegration/Info.plist;
				LD_RUNPATH_SEARCH_PATHS = (
					"$(inherited)",
					"@executable_path/Frameworks",
				);
				PRODUCT_BUNDLE_IDENTIFIER = Glia.CarthageIntegration;
				PRODUCT_NAME = "$(TARGET_NAME)";
				SWIFT_VERSION = 5.0;
				TARGETED_DEVICE_FAMILY = "1,2";
			};
			name = Release;
		};
/* End XCBuildConfiguration section */

/* Begin XCConfigurationList section */
		C0FB336423CD237B00AED730 /* Build configuration list for PBXProject "CarthageIntegration" */ = {
			isa = XCConfigurationList;
			buildConfigurations = (
				C0FB337B23CD237E00AED730 /* Debug */,
				C0FB337C23CD237E00AED730 /* Release */,
			);
			defaultConfigurationIsVisible = 0;
			defaultConfigurationName = Release;
		};
		C0FB337D23CD237E00AED730 /* Build configuration list for PBXNativeTarget "CarthageIntegration" */ = {
			isa = XCConfigurationList;
			buildConfigurations = (
				C0FB337E23CD237E00AED730 /* Debug */,
				C0FB337F23CD237E00AED730 /* Release */,
			);
			defaultConfigurationIsVisible = 0;
			defaultConfigurationName = Release;
		};
/* End XCConfigurationList section */
	};
	rootObject = C0FB336123CD237B00AED730 /* Project object */;
}
